
Microsoft Visual Studio Solution File, Format Version 12.00
# Visual Studio Version 17
VisualStudioVersion = 17.0.32014.148
MinimumVisualStudioVersion = 10.0.40219.1
Project("{9A19103F-16F7-4668-BE54-9A1E7A4F7556}") = "Appointix", "Appointix\Appointix.csproj", "{8662F751-45F0-4404-B04C-2F76B95F9528}"
EndProject
Global
	GlobalSection(SolutionConfigurationPlatforms) = preSolution
		Debug|Any CPU = Debug|Any CPU
		Release|Any CPU = Release|Any CPU
	EndGlobalSection
	GlobalSection(ProjectConfigurationPlatforms) = postSolution
		{8662F751-45F0-4404-B04C-2F76B95F9528}.Debug|Any CPU.ActiveCfg = Debug|Any CPU
		{8662F751-45F0-4404-B04C-2F76B95F9528}.Debug|Any CPU.Build.0 = Debug|Any CPU
		{8662F751-45F0-4404-B04C-2F76B95F9528}.Release|Any CPU.ActiveCfg = Release|Any CPU
		{8662F751-45F0-4404-B04C-2F76B95F9528}.Release|Any CPU.Build.0 = Release|Any CPU
	EndGlobalSection
	GlobalSection(SolutionProperties) = preSolution
		HideSolutionNode = FALSE
	EndGlobalSection
	GlobalSection(ExtensibilityGlobals) = postSolution
		SolutionGuid = {511128D2-79D4-4810-96EA-0CE1295F4549}
	EndGlobalSection
EndGlobal
